
Microsoft Visual Studio Solution File, Format Version 12.00
Project("{FAE04EC0-301F-11D3-BF4B-00C04F79EFBC}") = "TwitchRewardSlideshow", "TwitchRewardSlideshow\TwitchRewardSlideshow.csproj", "{23FB69EB-1137-4450-A7ED-287ADBB0D930}"
EndProject
Project("{FAE04EC0-301F-11D3-BF4B-00C04F79EFBC}") = "AppConfiguration", "AppConfiguration\AppConfiguration.csproj", "{90793870-B123-4380-8A27-C29B3B6012AD}"
EndProject
Global
	GlobalSection(SolutionConfigurationPlatforms) = preSolution
		Debug|Any CPU = Debug|Any CPU
		Release|Any CPU = Release|Any CPU
	EndGlobalSection
	GlobalSection(ProjectConfigurationPlatforms) = postSolution
		{23FB69EB-1137-4450-A7ED-287ADBB0D930}.Debug|Any CPU.ActiveCfg = Debug|Any CPU
		{23FB69EB-1137-4450-A7ED-287ADBB0D930}.Debug|Any CPU.Build.0 = Debug|Any CPU
		{23FB69EB-1137-4450-A7ED-287ADBB0D930}.Release|Any CPU.ActiveCfg = Release|Any CPU
		{23FB69EB-1137-4450-A7ED-287ADBB0D930}.Release|Any CPU.Build.0 = Release|Any CPU
		{90793870-B123-4380-8A27-C29B3B6012AD}.Debug|Any CPU.ActiveCfg = Debug|Any CPU
		{90793870-B123-4380-8A27-C29B3B6012AD}.Debug|Any CPU.Build.0 = Debug|Any CPU
		{90793870-B123-4380-8A27-C29B3B6012AD}.Release|Any CPU.ActiveCfg = Release|Any CPU
		{90793870-B123-4380-8A27-C29B3B6012AD}.Release|Any CPU.Build.0 = Release|Any CPU
	EndGlobalSection
EndGlobal
